// !$*UTF8*$!
{
	archiveVersion = 1;
	classes = {
	};
	objectVersion = 51;
	objects = {

/* Begin PBXBuildFile section */
		0D8EF0D235136A5B9C73C4E2 /* Pods_CococastsDemo_CococastsDemoUITests.framework in Frameworks */ = {isa = PBXBuildFile; fileRef = 392D7B425C90E4A966F98CD5 /* Pods_CococastsDemo_CococastsDemoUITests.framework */; };
		9CC1DF8CDDB42FD9FE976963 /* Pods_CococastsDemo.framework in Frameworks */ = {isa = PBXBuildFile; fileRef = E05EE05BBD483626FE066A4F /* Pods_CococastsDemo.framework */; };
		E147F51224901A610034DC77 /* APIComponents.swift in Sources */ = {isa = PBXBuildFile; fileRef = E147F51124901A610034DC77 /* APIComponents.swift */; };
		E147F524249148360034DC77 /* MovieDetailViewController.swift in Sources */ = {isa = PBXBuildFile; fileRef = E147F523249148360034DC77 /* MovieDetailViewController.swift */; };
		E147F53124928EB40034DC77 /* MovieViewModel.swift in Sources */ = {isa = PBXBuildFile; fileRef = E147F53024928E230034DC77 /* MovieViewModel.swift */; };
		E1E59415247F022A0095143E /* AppDelegate.swift in Sources */ = {isa = PBXBuildFile; fileRef = E1E59414247F022A0095143E /* AppDelegate.swift */; };
		E1E59417247F022A0095143E /* SceneDelegate.swift in Sources */ = {isa = PBXBuildFile; fileRef = E1E59416247F022A0095143E /* SceneDelegate.swift */; };
		E1E5941E247F022B0095143E /* Assets.xcassets in Resources */ = {isa = PBXBuildFile; fileRef = E1E5941D247F022B0095143E /* Assets.xcassets */; };
		E1E59421247F022B0095143E /* LaunchScreen.storyboard in Resources */ = {isa = PBXBuildFile; fileRef = E1E5941F247F022B0095143E /* LaunchScreen.storyboard */; };
		E1E5949B24804E740095143E /* Root.storyboard in Resources */ = {isa = PBXBuildFile; fileRef = E1E5949A24804E740095143E /* Root.storyboard */; };
		E1E5949D24804E980095143E /* RootViewController.swift in Sources */ = {isa = PBXBuildFile; fileRef = E1E5949C24804E980095143E /* RootViewController.swift */; };
		E1E594A6248050E00095143E /* MoviesCollectionViewController.swift in Sources */ = {isa = PBXBuildFile; fileRef = E1E594A5248050E00095143E /* MoviesCollectionViewController.swift */; };
		E1E594A8248051AB0095143E /* Movies.storyboard in Resources */ = {isa = PBXBuildFile; fileRef = E1E594A7248051AB0095143E /* Movies.storyboard */; };
		E1E594AD248053630095143E /* FavoritesViewController.swift in Sources */ = {isa = PBXBuildFile; fileRef = E1E594AC248053630095143E /* FavoritesViewController.swift */; };
		E1E594AF2480536F0095143E /* Favorites.storyboard in Resources */ = {isa = PBXBuildFile; fileRef = E1E594AE2480536F0095143E /* Favorites.storyboard */; };
		E1E594BA2480A6CE0095143E /* Logger.swift in Sources */ = {isa = PBXBuildFile; fileRef = E1E594B92480A6CE0095143E /* Logger.swift */; };
		E1E594BE2480AB1A0095143E /* LogFormatter.swift in Sources */ = {isa = PBXBuildFile; fileRef = E1E594BD2480AB1A0095143E /* LogFormatter.swift */; };
		E1E594C32481572F0095143E /* Coordinator.swift in Sources */ = {isa = PBXBuildFile; fileRef = E1E594C22481572F0095143E /* Coordinator.swift */; };
		E1E594C9248158420095143E /* Storyboardable.swift in Sources */ = {isa = PBXBuildFile; fileRef = E1E594C8248158420095143E /* Storyboardable.swift */; };
		E1E594CD24815C5F0095143E /* AppCoordinator.swift in Sources */ = {isa = PBXBuildFile; fileRef = E1E594CC24815C5F0095143E /* AppCoordinator.swift */; };
		E1E594D3248168710095143E /* MoviesCoordinator.swift in Sources */ = {isa = PBXBuildFile; fileRef = E1E594D2248168710095143E /* MoviesCoordinator.swift */; };
		E1E594D52481694A0095143E /* FavoritesCoordinator.swift in Sources */ = {isa = PBXBuildFile; fileRef = E1E594D42481694A0095143E /* FavoritesCoordinator.swift */; };
		E1F0A60A24A11EB4005F9AAD /* WebKit.framework in Frameworks */ = {isa = PBXBuildFile; fileRef = E1F0A60924A11EB4005F9AAD /* WebKit.framework */; };
		E1F0A60C24A11F4C005F9AAD /* WebViewController.swift in Sources */ = {isa = PBXBuildFile; fileRef = E1F0A60B24A11F4C005F9AAD /* WebViewController.swift */; };
		E1F0A60E24A246C9005F9AAD /* Video.swift in Sources */ = {isa = PBXBuildFile; fileRef = E1F0A60D24A246C9005F9AAD /* Video.swift */; };
		E1FF4AC5248565F700FF2FD2 /* Movie.swift in Sources */ = {isa = PBXBuildFile; fileRef = E1FF4AC4248565F700FF2FD2 /* Movie.swift */; };
		E1FF4AC824856E9800FF2FD2 /* FlickNiteAPIClient.swift in Sources */ = {isa = PBXBuildFile; fileRef = E1FF4AC724856E9800FF2FD2 /* FlickNiteAPIClient.swift */; };
		E1FF4ACB2485906700FF2FD2 /* MoviesViewModel.swift in Sources */ = {isa = PBXBuildFile; fileRef = E1FF4ACA2485906700FF2FD2 /* MoviesViewModel.swift */; };
		E1FF4ADD2485AE1F00FF2FD2 /* MoviesCollectionViewCell.swift in Sources */ = {isa = PBXBuildFile; fileRef = E1FF4ADB2485AE1F00FF2FD2 /* MoviesCollectionViewCell.swift */; };
		E1FF4AE02485B03700FF2FD2 /* ReusableView.swift in Sources */ = {isa = PBXBuildFile; fileRef = E1FF4ADF2485B03700FF2FD2 /* ReusableView.swift */; };
		E1FF4AE52485B1BB00FF2FD2 /* UICollectionView+Helpers.swift in Sources */ = {isa = PBXBuildFile; fileRef = E1FF4AE42485B1BB00FF2FD2 /* UICollectionView+Helpers.swift */; };
		E1FF4AE72485B74800FF2FD2 /* UICollectionViewCell+Helpers.swift in Sources */ = {isa = PBXBuildFile; fileRef = E1FF4AE62485B74800FF2FD2 /* UICollectionViewCell+Helpers.swift */; };
		E1FF4AF32486A21500FF2FD2 /* MoviePresentable.swift in Sources */ = {isa = PBXBuildFile; fileRef = E1FF4AF22486A21500FF2FD2 /* MoviePresentable.swift */; };
		E1FF4AF92486FC8B00FF2FD2 /* UIColor+Design.swift in Sources */ = {isa = PBXBuildFile; fileRef = E1FF4AF82486FC8B00FF2FD2 /* UIColor+Design.swift */; };
		E1FF4AFE2487003300FF2FD2 /* Lato-Bold.ttf in Resources */ = {isa = PBXBuildFile; fileRef = E1FF4AFB2487003300FF2FD2 /* Lato-Bold.ttf */; };
		E1FF4AFF2487003300FF2FD2 /* Lato-Light.ttf in Resources */ = {isa = PBXBuildFile; fileRef = E1FF4AFC2487003300FF2FD2 /* Lato-Light.ttf */; };
		E1FF4B002487003300FF2FD2 /* Lato-Regular.ttf in Resources */ = {isa = PBXBuildFile; fileRef = E1FF4AFD2487003300FF2FD2 /* Lato-Regular.ttf */; };
		E1FF4B0424870B2200FF2FD2 /* Typography.swift in Sources */ = {isa = PBXBuildFile; fileRef = E1FF4B0324870B2200FF2FD2 /* Typography.swift */; };
		E1FF4B15248801CA00FF2FD2 /* APIError.swift in Sources */ = {isa = PBXBuildFile; fileRef = E1FF4B14248801CA00FF2FD2 /* APIError.swift */; };
		E1FF4B192488026100FF2FD2 /* APIEndpoint.swift in Sources */ = {isa = PBXBuildFile; fileRef = E1FF4B182488026100FF2FD2 /* APIEndpoint.swift */; };
		E1FF4B2624882B8400FF2FD2 /* APIClient.swift in Sources */ = {isa = PBXBuildFile; fileRef = E1FF4B2524882B8400FF2FD2 /* APIClient.swift */; };
		E1FF4B2924882D4100FF2FD2 /* MockClient.swift in Sources */ = {isa = PBXBuildFile; fileRef = E1FF4B2824882D4100FF2FD2 /* MockClient.swift */; };
		E1FF4B2C24882DF900FF2FD2 /* movies.json in Resources */ = {isa = PBXBuildFile; fileRef = E1FF4B2B24882DF900FF2FD2 /* movies.json */; };
		E42EB19DE3F3F5273E1871E1 /* Pods_CococastsDemoTests.framework in Frameworks */ = {isa = PBXBuildFile; fileRef = 160DF9412F2125CE94457FAC /* Pods_CococastsDemoTests.framework */; };
/* End PBXBuildFile section */

/* Begin PBXContainerItemProxy section */
		E1E59428247F022B0095143E /* PBXContainerItemProxy */ = {
			isa = PBXContainerItemProxy;
			containerPortal = E1E59409247F02290095143E /* Project object */;
			proxyType = 1;
			remoteGlobalIDString = E1E59410247F022A0095143E;
			remoteInfo = CococastsDemo;
		};
		E1E59433247F022B0095143E /* PBXContainerItemProxy */ = {
			isa = PBXContainerItemProxy;
			containerPortal = E1E59409247F02290095143E /* Project object */;
			proxyType = 1;
			remoteGlobalIDString = E1E59410247F022A0095143E;
			remoteInfo = CococastsDemo;
		};
/* End PBXContainerItemProxy section */

/* Begin PBXFileReference section */
		160DF9412F2125CE94457FAC /* Pods_CococastsDemoTests.framework */ = {isa = PBXFileReference; explicitFileType = wrapper.framework; includeInIndex = 0; path = Pods_CococastsDemoTests.framework; sourceTree = BUILT_PRODUCTS_DIR; };
		392D7B425C90E4A966F98CD5 /* Pods_CococastsDemo_CococastsDemoUITests.framework */ = {isa = PBXFileReference; explicitFileType = wrapper.framework; includeInIndex = 0; path = Pods_CococastsDemo_CococastsDemoUITests.framework; sourceTree = BUILT_PRODUCTS_DIR; };
		3F38543A2992B709519B0E18 /* Pods-CococastsDemo.release.xcconfig */ = {isa = PBXFileReference; includeInIndex = 1; lastKnownFileType = text.xcconfig; name = "Pods-CococastsDemo.release.xcconfig"; path = "Target Support Files/Pods-CococastsDemo/Pods-CococastsDemo.release.xcconfig"; sourceTree = "<group>"; };
		5DBF6CEB916ABE4FCD44ED68 /* Pods-CococastsDemoTests.release.xcconfig */ = {isa = PBXFileReference; includeInIndex = 1; lastKnownFileType = text.xcconfig; name = "Pods-CococastsDemoTests.release.xcconfig"; path = "Target Support Files/Pods-CococastsDemoTests/Pods-CococastsDemoTests.release.xcconfig"; sourceTree = "<group>"; };
		7BA79EC27E91A902EDFE98E8 /* Pods-CococastsDemo-CococastsDemoUITests.release.xcconfig */ = {isa = PBXFileReference; includeInIndex = 1; lastKnownFileType = text.xcconfig; name = "Pods-CococastsDemo-CococastsDemoUITests.release.xcconfig"; path = "Target Support Files/Pods-CococastsDemo-CococastsDemoUITests/Pods-CococastsDemo-CococastsDemoUITests.release.xcconfig"; sourceTree = "<group>"; };
		AE92322144B18D91E1E0D629 /* Pods-CococastsDemo-CococastsDemoUITests.debug.xcconfig */ = {isa = PBXFileReference; includeInIndex = 1; lastKnownFileType = text.xcconfig; name = "Pods-CococastsDemo-CococastsDemoUITests.debug.xcconfig"; path = "Target Support Files/Pods-CococastsDemo-CococastsDemoUITests/Pods-CococastsDemo-CococastsDemoUITests.debug.xcconfig"; sourceTree = "<group>"; };
		DDDC51CF68574C3A6D6E440F /* Pods-CococastsDemoTests.debug.xcconfig */ = {isa = PBXFileReference; includeInIndex = 1; lastKnownFileType = text.xcconfig; name = "Pods-CococastsDemoTests.debug.xcconfig"; path = "Target Support Files/Pods-CococastsDemoTests/Pods-CococastsDemoTests.debug.xcconfig"; sourceTree = "<group>"; };
		E05EE05BBD483626FE066A4F /* Pods_CococastsDemo.framework */ = {isa = PBXFileReference; explicitFileType = wrapper.framework; includeInIndex = 0; path = Pods_CococastsDemo.framework; sourceTree = BUILT_PRODUCTS_DIR; };
		E147F51124901A610034DC77 /* APIComponents.swift */ = {isa = PBXFileReference; lastKnownFileType = sourcecode.swift; path = APIComponents.swift; sourceTree = "<group>"; };
		E147F523249148360034DC77 /* MovieDetailViewController.swift */ = {isa = PBXFileReference; lastKnownFileType = sourcecode.swift; path = MovieDetailViewController.swift; sourceTree = "<group>"; };
		E147F53024928E230034DC77 /* MovieViewModel.swift */ = {isa = PBXFileReference; lastKnownFileType = sourcecode.swift; path = MovieViewModel.swift; sourceTree = "<group>"; };
		E1E59411247F022A0095143E /* CococastsDemo.app */ = {isa = PBXFileReference; explicitFileType = wrapper.application; includeInIndex = 0; path = CococastsDemo.app; sourceTree = BUILT_PRODUCTS_DIR; };
		E1E59414247F022A0095143E /* AppDelegate.swift */ = {isa = PBXFileReference; lastKnownFileType = sourcecode.swift; path = AppDelegate.swift; sourceTree = "<group>"; };
		E1E59416247F022A0095143E /* SceneDelegate.swift */ = {isa = PBXFileReference; lastKnownFileType = sourcecode.swift; path = SceneDelegate.swift; sourceTree = "<group>"; };
		E1E5941D247F022B0095143E /* Assets.xcassets */ = {isa = PBXFileReference; lastKnownFileType = folder.assetcatalog; path = Assets.xcassets; sourceTree = "<group>"; };
		E1E59420247F022B0095143E /* Base */ = {isa = PBXFileReference; lastKnownFileType = file.storyboard; name = Base; path = Base.lproj/LaunchScreen.storyboard; sourceTree = "<group>"; };
		E1E59422247F022B0095143E /* Info.plist */ = {isa = PBXFileReference; lastKnownFileType = text.plist.xml; name = Info.plist; path = "CococastsDemo/Supporting Files/Info.plist"; sourceTree = SOURCE_ROOT; };
		E1E59427247F022B0095143E /* CococastsDemoTests.xctest */ = {isa = PBXFileReference; explicitFileType = wrapper.cfbundle; includeInIndex = 0; path = CococastsDemoTests.xctest; sourceTree = BUILT_PRODUCTS_DIR; };
		E1E5942D247F022B0095143E /* Info.plist */ = {isa = PBXFileReference; lastKnownFileType = text.plist.xml; path = Info.plist; sourceTree = "<group>"; };
		E1E59432247F022B0095143E /* CococastsDemoUITests.xctest */ = {isa = PBXFileReference; explicitFileType = wrapper.cfbundle; includeInIndex = 0; path = CococastsDemoUITests.xctest; sourceTree = BUILT_PRODUCTS_DIR; };
		E1E59438247F022B0095143E /* Info.plist */ = {isa = PBXFileReference; lastKnownFileType = text.plist.xml; path = Info.plist; sourceTree = "<group>"; };
		E1E5949A24804E740095143E /* Root.storyboard */ = {isa = PBXFileReference; lastKnownFileType = file.storyboard; path = Root.storyboard; sourceTree = "<group>"; };
		E1E5949C24804E980095143E /* RootViewController.swift */ = {isa = PBXFileReference; lastKnownFileType = sourcecode.swift; path = RootViewController.swift; sourceTree = "<group>"; };
		E1E594A5248050E00095143E /* MoviesCollectionViewController.swift */ = {isa = PBXFileReference; lastKnownFileType = sourcecode.swift; path = MoviesCollectionViewController.swift; sourceTree = "<group>"; };
		E1E594A7248051AB0095143E /* Movies.storyboard */ = {isa = PBXFileReference; lastKnownFileType = file.storyboard; path = Movies.storyboard; sourceTree = "<group>"; };
		E1E594AC248053630095143E /* FavoritesViewController.swift */ = {isa = PBXFileReference; lastKnownFileType = sourcecode.swift; path = FavoritesViewController.swift; sourceTree = "<group>"; };
		E1E594AE2480536F0095143E /* Favorites.storyboard */ = {isa = PBXFileReference; lastKnownFileType = file.storyboard; path = Favorites.storyboard; sourceTree = "<group>"; };
		E1E594B92480A6CE0095143E /* Logger.swift */ = {isa = PBXFileReference; lastKnownFileType = sourcecode.swift; path = Logger.swift; sourceTree = "<group>"; };
		E1E594BD2480AB1A0095143E /* LogFormatter.swift */ = {isa = PBXFileReference; lastKnownFileType = sourcecode.swift; path = LogFormatter.swift; sourceTree = "<group>"; };
		E1E594C22481572F0095143E /* Coordinator.swift */ = {isa = PBXFileReference; lastKnownFileType = sourcecode.swift; path = Coordinator.swift; sourceTree = "<group>"; };
		E1E594C8248158420095143E /* Storyboardable.swift */ = {isa = PBXFileReference; lastKnownFileType = sourcecode.swift; path = Storyboardable.swift; sourceTree = "<group>"; };
		E1E594CC24815C5F0095143E /* AppCoordinator.swift */ = {isa = PBXFileReference; lastKnownFileType = sourcecode.swift; path = AppCoordinator.swift; sourceTree = "<group>"; };
		E1E594D2248168710095143E /* MoviesCoordinator.swift */ = {isa = PBXFileReference; lastKnownFileType = sourcecode.swift; path = MoviesCoordinator.swift; sourceTree = "<group>"; };
		E1E594D42481694A0095143E /* FavoritesCoordinator.swift */ = {isa = PBXFileReference; lastKnownFileType = sourcecode.swift; path = FavoritesCoordinator.swift; sourceTree = "<group>"; };
		E1F0A60924A11EB4005F9AAD /* WebKit.framework */ = {isa = PBXFileReference; lastKnownFileType = wrapper.framework; name = WebKit.framework; path = System/Library/Frameworks/WebKit.framework; sourceTree = SDKROOT; };
		E1F0A60B24A11F4C005F9AAD /* WebViewController.swift */ = {isa = PBXFileReference; lastKnownFileType = sourcecode.swift; path = WebViewController.swift; sourceTree = "<group>"; };
		E1F0A60D24A246C9005F9AAD /* Video.swift */ = {isa = PBXFileReference; lastKnownFileType = sourcecode.swift; path = Video.swift; sourceTree = "<group>"; };
		E1FF4AC4248565F700FF2FD2 /* Movie.swift */ = {isa = PBXFileReference; lastKnownFileType = sourcecode.swift; path = Movie.swift; sourceTree = "<group>"; };
		E1FF4AC724856E9800FF2FD2 /* FlickNiteAPIClient.swift */ = {isa = PBXFileReference; lastKnownFileType = sourcecode.swift; path = FlickNiteAPIClient.swift; sourceTree = "<group>"; };
		E1FF4ACA2485906700FF2FD2 /* MoviesViewModel.swift */ = {isa = PBXFileReference; lastKnownFileType = sourcecode.swift; path = MoviesViewModel.swift; sourceTree = "<group>"; };
		E1FF4ADB2485AE1F00FF2FD2 /* MoviesCollectionViewCell.swift */ = {isa = PBXFileReference; lastKnownFileType = sourcecode.swift; path = MoviesCollectionViewCell.swift; sourceTree = "<group>"; };
		E1FF4ADF2485B03700FF2FD2 /* ReusableView.swift */ = {isa = PBXFileReference; lastKnownFileType = sourcecode.swift; path = ReusableView.swift; sourceTree = "<group>"; };
		E1FF4AE42485B1BB00FF2FD2 /* UICollectionView+Helpers.swift */ = {isa = PBXFileReference; lastKnownFileType = sourcecode.swift; path = "UICollectionView+Helpers.swift"; sourceTree = "<group>"; };
		E1FF4AE62485B74800FF2FD2 /* UICollectionViewCell+Helpers.swift */ = {isa = PBXFileReference; lastKnownFileType = sourcecode.swift; path = "UICollectionViewCell+Helpers.swift"; sourceTree = "<group>"; };
		E1FF4AF22486A21500FF2FD2 /* MoviePresentable.swift */ = {isa = PBXFileReference; lastKnownFileType = sourcecode.swift; path = MoviePresentable.swift; sourceTree = "<group>"; };
		E1FF4AF82486FC8B00FF2FD2 /* UIColor+Design.swift */ = {isa = PBXFileReference; lastKnownFileType = sourcecode.swift; path = "UIColor+Design.swift"; sourceTree = "<group>"; };
		E1FF4AFB2487003300FF2FD2 /* Lato-Bold.ttf */ = {isa = PBXFileReference; lastKnownFileType = file; path = "Lato-Bold.ttf"; sourceTree = "<group>"; };
		E1FF4AFC2487003300FF2FD2 /* Lato-Light.ttf */ = {isa = PBXFileReference; lastKnownFileType = file; path = "Lato-Light.ttf"; sourceTree = "<group>"; };
		E1FF4AFD2487003300FF2FD2 /* Lato-Regular.ttf */ = {isa = PBXFileReference; lastKnownFileType = file; path = "Lato-Regular.ttf"; sourceTree = "<group>"; };
		E1FF4B0324870B2200FF2FD2 /* Typography.swift */ = {isa = PBXFileReference; lastKnownFileType = sourcecode.swift; path = Typography.swift; sourceTree = "<group>"; };
		E1FF4B14248801CA00FF2FD2 /* APIError.swift */ = {isa = PBXFileReference; lastKnownFileType = sourcecode.swift; path = APIError.swift; sourceTree = "<group>"; };
		E1FF4B182488026100FF2FD2 /* APIEndpoint.swift */ = {isa = PBXFileReference; lastKnownFileType = sourcecode.swift; path = APIEndpoint.swift; sourceTree = "<group>"; };
		E1FF4B2524882B8400FF2FD2 /* APIClient.swift */ = {isa = PBXFileReference; lastKnownFileType = sourcecode.swift; path = APIClient.swift; sourceTree = "<group>"; };
		E1FF4B2824882D4100FF2FD2 /* MockClient.swift */ = {isa = PBXFileReference; lastKnownFileType = sourcecode.swift; path = MockClient.swift; sourceTree = "<group>"; };
		E1FF4B2B24882DF900FF2FD2 /* movies.json */ = {isa = PBXFileReference; lastKnownFileType = text.json; path = movies.json; sourceTree = "<group>"; };
		FDAED6A49B28F19CA973BBA8 /* Pods-CococastsDemo.debug.xcconfig */ = {isa = PBXFileReference; includeInIndex = 1; lastKnownFileType = text.xcconfig; name = "Pods-CococastsDemo.debug.xcconfig"; path = "Target Support Files/Pods-CococastsDemo/Pods-CococastsDemo.debug.xcconfig"; sourceTree = "<group>"; };
/* End PBXFileReference section */

/* Begin PBXFrameworksBuildPhase section */
		E1E5940E247F022A0095143E /* Frameworks */ = {
			isa = PBXFrameworksBuildPhase;
			buildActionMask = 2147483647;
			files = (
				E1F0A60A24A11EB4005F9AAD /* WebKit.framework in Frameworks */,
				9CC1DF8CDDB42FD9FE976963 /* Pods_CococastsDemo.framework in Frameworks */,
			);
			runOnlyForDeploymentPostprocessing = 0;
		};
		E1E59424247F022B0095143E /* Frameworks */ = {
			isa = PBXFrameworksBuildPhase;
			buildActionMask = 2147483647;
			files = (
				E42EB19DE3F3F5273E1871E1 /* Pods_CococastsDemoTests.framework in Frameworks */,
			);
			runOnlyForDeploymentPostprocessing = 0;
		};
		E1E5942F247F022B0095143E /* Frameworks */ = {
			isa = PBXFrameworksBuildPhase;
			buildActionMask = 2147483647;
			files = (
				0D8EF0D235136A5B9C73C4E2 /* Pods_CococastsDemo_CococastsDemoUITests.framework in Frameworks */,
			);
			runOnlyForDeploymentPostprocessing = 0;
		};
/* End PBXFrameworksBuildPhase section */

/* Begin PBXGroup section */
		B642FE724C6E29C1982C87ED /* Frameworks */ = {
			isa = PBXGroup;
			children = (
				E1F0A60924A11EB4005F9AAD /* WebKit.framework */,
				E05EE05BBD483626FE066A4F /* Pods_CococastsDemo.framework */,
				392D7B425C90E4A966F98CD5 /* Pods_CococastsDemo_CococastsDemoUITests.framework */,
				160DF9412F2125CE94457FAC /* Pods_CococastsDemoTests.framework */,
			);
			name = Frameworks;
			sourceTree = "<group>";
		};
		C9FA262A1F921DD20FED1EA6 /* Pods */ = {
			isa = PBXGroup;
			children = (
				FDAED6A49B28F19CA973BBA8 /* Pods-CococastsDemo.debug.xcconfig */,
				3F38543A2992B709519B0E18 /* Pods-CococastsDemo.release.xcconfig */,
				AE92322144B18D91E1E0D629 /* Pods-CococastsDemo-CococastsDemoUITests.debug.xcconfig */,
				7BA79EC27E91A902EDFE98E8 /* Pods-CococastsDemo-CococastsDemoUITests.release.xcconfig */,
				DDDC51CF68574C3A6D6E440F /* Pods-CococastsDemoTests.debug.xcconfig */,
				5DBF6CEB916ABE4FCD44ED68 /* Pods-CococastsDemoTests.release.xcconfig */,
			);
			path = Pods;
			sourceTree = "<group>";
		};
		E147F521249147EF0034DC77 /* Movie Detail Controller */ = {
			isa = PBXGroup;
			children = (
				E147F523249148360034DC77 /* MovieDetailViewController.swift */,
				E147F52E24928DE50034DC77 /* View Models */,
			);
			path = "Movie Detail Controller";
			sourceTree = "<group>";
		};
		E147F52E24928DE50034DC77 /* View Models */ = {
			isa = PBXGroup;
			children = (
				E147F53024928E230034DC77 /* MovieViewModel.swift */,
			);
			path = "View Models";
			sourceTree = "<group>";
		};
		E1E59408247F02290095143E = {
			isa = PBXGroup;
			children = (
				E1E59413247F022A0095143E /* CococastsDemo */,
				E1E5942A247F022B0095143E /* CococastsDemoTests */,
				E1E59435247F022B0095143E /* CococastsDemoUITests */,
				E1E59412247F022A0095143E /* Products */,
				C9FA262A1F921DD20FED1EA6 /* Pods */,
				B642FE724C6E29C1982C87ED /* Frameworks */,
			);
			sourceTree = "<group>";
		};
		E1E59412247F022A0095143E /* Products */ = {
			isa = PBXGroup;
			children = (
				E1E59411247F022A0095143E /* CococastsDemo.app */,
				E1E59427247F022B0095143E /* CococastsDemoTests.xctest */,
				E1E59432247F022B0095143E /* CococastsDemoUITests.xctest */,
			);
			name = Products;
			sourceTree = "<group>";
		};
		E1E59413247F022A0095143E /* CococastsDemo */ = {
			isa = PBXGroup;
			children = (
				E1E59444247F024B0095143E /* Application Delegate */,
				E1E59445247F02720095143E /* Scene Delegate */,
				E1E59446247F02F20095143E /* View Controllers */,
				E1FF4AF62486FBC700FF2FD2 /* Miscellaneous */,
				E1E594C1248156FB0095143E /* Coordinators */,
				E1E59447247F030F0095143E /* Storyboards */,
				E1FF4AC624856DBD00FF2FD2 /* Networking */,
				E1E594B52480A6630095143E /* Debugging */,
				E1FF4AE12485B16200FF2FD2 /* Extensions */,
				E1E594C7248158040095143E /* Protocols */,
				E1E594A0248050430095143E /* Modules */,
				E1FF4AC3248565D900FF2FD2 /* Models */,
				E1F0A60F24A27067005F9AAD /* Views */,
				E1E59448247F03250095143E /* Resources */,
				E1E59449247F03A40095143E /* Supporting Files */,
			);
			path = CococastsDemo;
			sourceTree = "<group>";
		};
		E1E5942A247F022B0095143E /* CococastsDemoTests */ = {
			isa = PBXGroup;
			children = (
				E1E5944A247F08330095143E /* Supporting Files */,
			);
			path = CococastsDemoTests;
			sourceTree = "<group>";
		};
		E1E59435247F022B0095143E /* CococastsDemoUITests */ = {
			isa = PBXGroup;
			children = (
				E1E5944B247F083E0095143E /* Supporting Files */,
			);
			path = CococastsDemoUITests;
			sourceTree = "<group>";
		};
		E1E59444247F024B0095143E /* Application Delegate */ = {
			isa = PBXGroup;
			children = (
				E1E59414247F022A0095143E /* AppDelegate.swift */,
			);
			path = "Application Delegate";
			sourceTree = "<group>";
		};
		E1E59445247F02720095143E /* Scene Delegate */ = {
			isa = PBXGroup;
			children = (
				E1E59416247F022A0095143E /* SceneDelegate.swift */,
			);
			path = "Scene Delegate";
			sourceTree = "<group>";
		};
		E1E59446247F02F20095143E /* View Controllers */ = {
			isa = PBXGroup;
			children = (
				E1E5949624804DFB0095143E /* Root View Controller */,
			);
			path = "View Controllers";
			sourceTree = "<group>";
		};
		E1E59447247F030F0095143E /* Storyboards */ = {
			isa = PBXGroup;
			children = (
				E1E5941F247F022B0095143E /* LaunchScreen.storyboard */,
				E1E5949A24804E740095143E /* Root.storyboard */,
			);
			path = Storyboards;
			sourceTree = "<group>";
		};
		E1E59448247F03250095143E /* Resources */ = {
			isa = PBXGroup;
			children = (
				E1E5948F24800C490095143E /* Assets */,
				E1FF4AFA2486FDD600FF2FD2 /* Fonts */,
				E1FF4B2A24882DBB00FF2FD2 /* Mock API */,
			);
			path = Resources;
			sourceTree = "<group>";
		};
		E1E59449247F03A40095143E /* Supporting Files */ = {
			isa = PBXGroup;
			children = (
				E1E59422247F022B0095143E /* Info.plist */,
			);
			path = "Supporting Files";
			sourceTree = "<group>";
		};
		E1E5944A247F08330095143E /* Supporting Files */ = {
			isa = PBXGroup;
			children = (
				E1E5942D247F022B0095143E /* Info.plist */,
			);
			path = "Supporting Files";
			sourceTree = "<group>";
		};
		E1E5944B247F083E0095143E /* Supporting Files */ = {
			isa = PBXGroup;
			children = (
				E1E59438247F022B0095143E /* Info.plist */,
			);
			path = "Supporting Files";
			sourceTree = "<group>";
		};
		E1E5948F24800C490095143E /* Assets */ = {
			isa = PBXGroup;
			children = (
				E1E5941D247F022B0095143E /* Assets.xcassets */,
			);
			path = Assets;
			sourceTree = "<group>";
		};
		E1E5949624804DFB0095143E /* Root View Controller */ = {
			isa = PBXGroup;
			children = (
				E1E5949C24804E980095143E /* RootViewController.swift */,
			);
			path = "Root View Controller";
			sourceTree = "<group>";
		};
		E1E594A0248050430095143E /* Modules */ = {
			isa = PBXGroup;
			children = (
				E1E594A22480508A0095143E /* Movies */,
				E1E594A92480531A0095143E /* Favorites */,
			);
			path = Modules;
			sourceTree = "<group>";
		};
		E1E594A22480508A0095143E /* Movies */ = {
			isa = PBXGroup;
			children = (
				E1E594A5248050E00095143E /* MoviesCollectionViewController.swift */,
				E1FF4AC92485904C00FF2FD2 /* View Models */,
				E1FF4AD82485ADC300FF2FD2 /* Collection View Cells */,
				E147F521249147EF0034DC77 /* Movie Detail Controller */,
				E1E594A32480509A0095143E /* Storyboards */,
			);
			path = Movies;
			sourceTree = "<group>";
		};
		E1E594A32480509A0095143E /* Storyboards */ = {
			isa = PBXGroup;
			children = (
				E1E594A7248051AB0095143E /* Movies.storyboard */,
			);
			path = Storyboards;
			sourceTree = "<group>";
		};
		E1E594A92480531A0095143E /* Favorites */ = {
			isa = PBXGroup;
			children = (
				E1E594AB2480532C0095143E /* View Controllers */,
				E1E594AA248053230095143E /* Storyboards */,
			);
			path = Favorites;
			sourceTree = "<group>";
		};
		E1E594AA248053230095143E /* Storyboards */ = {
			isa = PBXGroup;
			children = (
				E1E594AE2480536F0095143E /* Favorites.storyboard */,
			);
			path = Storyboards;
			sourceTree = "<group>";
		};
		E1E594AB2480532C0095143E /* View Controllers */ = {
			isa = PBXGroup;
			children = (
				E1E594AC248053630095143E /* FavoritesViewController.swift */,
			);
			path = "View Controllers";
			sourceTree = "<group>";
		};
		E1E594B52480A6630095143E /* Debugging */ = {
			isa = PBXGroup;
			children = (
				E1E594B62480A6810095143E /* Logging */,
			);
			path = Debugging;
			sourceTree = "<group>";
		};
		E1E594B62480A6810095143E /* Logging */ = {
			isa = PBXGroup;
			children = (
				E1E594B92480A6CE0095143E /* Logger.swift */,
				E1E594BD2480AB1A0095143E /* LogFormatter.swift */,
			);
			path = Logging;
			sourceTree = "<group>";
		};
		E1E594C1248156FB0095143E /* Coordinators */ = {
			isa = PBXGroup;
			children = (
				E1E594C22481572F0095143E /* Coordinator.swift */,
				E1E594CA24815C310095143E /* Application Coordinator */,
				E1E594D1248168570095143E /* Child Coordinator */,
			);
			path = Coordinators;
			sourceTree = "<group>";
		};
		E1E594C7248158040095143E /* Protocols */ = {
			isa = PBXGroup;
			children = (
				E1E594C8248158420095143E /* Storyboardable.swift */,
				E1FF4ADF2485B03700FF2FD2 /* ReusableView.swift */,
				E1FF4AF22486A21500FF2FD2 /* MoviePresentable.swift */,
			);
			path = Protocols;
			sourceTree = "<group>";
		};
		E1E594CA24815C310095143E /* Application Coordinator */ = {
			isa = PBXGroup;
			children = (
				E1E594CC24815C5F0095143E /* AppCoordinator.swift */,
			);
			path = "Application Coordinator";
			sourceTree = "<group>";
		};
		E1E594D1248168570095143E /* Child Coordinator */ = {
			isa = PBXGroup;
			children = (
				E1E594D2248168710095143E /* MoviesCoordinator.swift */,
				E1E594D42481694A0095143E /* FavoritesCoordinator.swift */,
			);
			path = "Child Coordinator";
			sourceTree = "<group>";
		};
		E1F0A60F24A27067005F9AAD /* Views */ = {
			isa = PBXGroup;
			children = (
				E1F0A61024A270D3005F9AAD /* Web View */,
			);
			path = Views;
			sourceTree = "<group>";
		};
		E1F0A61024A270D3005F9AAD /* Web View */ = {
			isa = PBXGroup;
			children = (
				E1F0A60B24A11F4C005F9AAD /* WebViewController.swift */,
			);
			path = "Web View";
			sourceTree = "<group>";
		};
		E1FF4AC3248565D900FF2FD2 /* Models */ = {
			isa = PBXGroup;
			children = (
				E1FF4AC4248565F700FF2FD2 /* Movie.swift */,
				E1F0A60D24A246C9005F9AAD /* Video.swift */,
			);
			path = Models;
			sourceTree = "<group>";
		};
		E1FF4AC624856DBD00FF2FD2 /* Networking */ = {
			isa = PBXGroup;
			children = (
				E1FF4B122488018D00FF2FD2 /* API Client */,
			);
			path = Networking;
			sourceTree = "<group>";
		};
		E1FF4AC92485904C00FF2FD2 /* View Models */ = {
			isa = PBXGroup;
			children = (
				E1FF4ACA2485906700FF2FD2 /* MoviesViewModel.swift */,
			);
			path = "View Models";
			sourceTree = "<group>";
		};
		E1FF4AD82485ADC300FF2FD2 /* Collection View Cells */ = {
			isa = PBXGroup;
			children = (
				E1FF4ADB2485AE1F00FF2FD2 /* MoviesCollectionViewCell.swift */,
			);
			path = "Collection View Cells";
			sourceTree = "<group>";
		};
		E1FF4AE12485B16200FF2FD2 /* Extensions */ = {
			isa = PBXGroup;
			children = (
				E1FF4AE42485B1BB00FF2FD2 /* UICollectionView+Helpers.swift */,
				E1FF4AE62485B74800FF2FD2 /* UICollectionViewCell+Helpers.swift */,
			);
			path = Extensions;
			sourceTree = "<group>";
		};
		E1FF4AF62486FBC700FF2FD2 /* Miscellaneous */ = {
			isa = PBXGroup;
			children = (
				E1FF4AF72486FC7F00FF2FD2 /* Design */,
			);
			path = Miscellaneous;
			sourceTree = "<group>";
		};
		E1FF4AF72486FC7F00FF2FD2 /* Design */ = {
			isa = PBXGroup;
			children = (
				E1FF4AF82486FC8B00FF2FD2 /* UIColor+Design.swift */,
				E1FF4B0324870B2200FF2FD2 /* Typography.swift */,
			);
			path = Design;
			sourceTree = "<group>";
		};
		E1FF4AFA2486FDD600FF2FD2 /* Fonts */ = {
			isa = PBXGroup;
			children = (
				E1FF4AFB2487003300FF2FD2 /* Lato-Bold.ttf */,
				E1FF4AFC2487003300FF2FD2 /* Lato-Light.ttf */,
				E1FF4AFD2487003300FF2FD2 /* Lato-Regular.ttf */,
			);
			path = Fonts;
			sourceTree = "<group>";
		};
		E1FF4B122488018D00FF2FD2 /* API Client */ = {
			isa = PBXGroup;
			children = (
				E1FF4B13248801B100FF2FD2 /* Types */,
				E1FF4B1A2488030200FF2FD2 /* Clients */,
				E1FF4B2724882BE700FF2FD2 /* Protocols */,
			);
			path = "API Client";
			sourceTree = "<group>";
		};
		E1FF4B13248801B100FF2FD2 /* Types */ = {
			isa = PBXGroup;
			children = (
				E1FF4B14248801CA00FF2FD2 /* APIError.swift */,
				E1FF4B182488026100FF2FD2 /* APIEndpoint.swift */,
				E147F51124901A610034DC77 /* APIComponents.swift */,
			);
			path = Types;
			sourceTree = "<group>";
		};
		E1FF4B1A2488030200FF2FD2 /* Clients */ = {
			isa = PBXGroup;
			children = (
				E1FF4B2824882D4100FF2FD2 /* MockClient.swift */,
				E1FF4AC724856E9800FF2FD2 /* FlickNiteAPIClient.swift */,
			);
			path = Clients;
			sourceTree = "<group>";
		};
		E1FF4B2724882BE700FF2FD2 /* Protocols */ = {
			isa = PBXGroup;
			children = (
				E1FF4B2524882B8400FF2FD2 /* APIClient.swift */,
			);
			path = Protocols;
			sourceTree = "<group>";
		};
		E1FF4B2A24882DBB00FF2FD2 /* Mock API */ = {
			isa = PBXGroup;
			children = (
				E1FF4B2B24882DF900FF2FD2 /* movies.json */,
			);
			path = "Mock API";
			sourceTree = "<group>";
		};
/* End PBXGroup section */

/* Begin PBXNativeTarget section */
		E1E59410247F022A0095143E /* CococastsDemo */ = {
			isa = PBXNativeTarget;
			buildConfigurationList = E1E5943B247F022B0095143E /* Build configuration list for PBXNativeTarget "CococastsDemo" */;
			buildPhases = (
				605438292B355C549DB6887C /* [CP] Check Pods Manifest.lock */,
				E1E5940D247F022A0095143E /* Sources */,
				E1E5940E247F022A0095143E /* Frameworks */,
				E1E5940F247F022A0095143E /* Resources */,
				BDF15D8CC50191860054B1EF /* [CP] Embed Pods Frameworks */,
			);
			buildRules = (
			);
			dependencies = (
			);
			name = CococastsDemo;
			productName = CococastsDemo;
			productReference = E1E59411247F022A0095143E /* CococastsDemo.app */;
			productType = "com.apple.product-type.application";
		};
		E1E59426247F022B0095143E /* CococastsDemoTests */ = {
			isa = PBXNativeTarget;
			buildConfigurationList = E1E5943E247F022B0095143E /* Build configuration list for PBXNativeTarget "CococastsDemoTests" */;
			buildPhases = (
				387A056193588BB4887F820E /* [CP] Check Pods Manifest.lock */,
				E1E59423247F022B0095143E /* Sources */,
				E1E59424247F022B0095143E /* Frameworks */,
				E1E59425247F022B0095143E /* Resources */,
			);
			buildRules = (
			);
			dependencies = (
				E1E59429247F022B0095143E /* PBXTargetDependency */,
			);
			name = CococastsDemoTests;
			productName = CococastsDemoTests;
			productReference = E1E59427247F022B0095143E /* CococastsDemoTests.xctest */;
			productType = "com.apple.product-type.bundle.unit-test";
		};
		E1E59431247F022B0095143E /* CococastsDemoUITests */ = {
			isa = PBXNativeTarget;
			buildConfigurationList = E1E59441247F022B0095143E /* Build configuration list for PBXNativeTarget "CococastsDemoUITests" */;
			buildPhases = (
				949EB71E6270A2615AF96C59 /* [CP] Check Pods Manifest.lock */,
				E1E5942E247F022B0095143E /* Sources */,
				E1E5942F247F022B0095143E /* Frameworks */,
				E1E59430247F022B0095143E /* Resources */,
				DB1931790D0CC04F92BD23E6 /* [CP] Embed Pods Frameworks */,
			);
			buildRules = (
			);
			dependencies = (
				E1E59434247F022B0095143E /* PBXTargetDependency */,
			);
			name = CococastsDemoUITests;
			productName = CococastsDemoUITests;
			productReference = E1E59432247F022B0095143E /* CococastsDemoUITests.xctest */;
			productType = "com.apple.product-type.bundle.ui-testing";
		};
/* End PBXNativeTarget section */

/* Begin PBXProject section */
		E1E59409247F02290095143E /* Project object */ = {
			isa = PBXProject;
			attributes = {
				LastSwiftUpdateCheck = 1140;
				LastUpgradeCheck = 1140;
				ORGANIZATIONNAME = "Dennis Vera";
				TargetAttributes = {
					E1E59410247F022A0095143E = {
						CreatedOnToolsVersion = 11.4.1;
					};
					E1E59426247F022B0095143E = {
						CreatedOnToolsVersion = 11.4.1;
						TestTargetID = E1E59410247F022A0095143E;
					};
					E1E59431247F022B0095143E = {
						CreatedOnToolsVersion = 11.4.1;
						TestTargetID = E1E59410247F022A0095143E;
					};
				};
			};
			buildConfigurationList = E1E5940C247F022A0095143E /* Build configuration list for PBXProject "CococastsDemo" */;
			compatibilityVersion = "Xcode 9.3";
			developmentRegion = en;
			hasScannedForEncodings = 0;
			knownRegions = (
				en,
				Base,
			);
			mainGroup = E1E59408247F02290095143E;
			productRefGroup = E1E59412247F022A0095143E /* Products */;
			projectDirPath = "";
			projectRoot = "";
			targets = (
				E1E59410247F022A0095143E /* CococastsDemo */,
				E1E59426247F022B0095143E /* CococastsDemoTests */,
				E1E59431247F022B0095143E /* CococastsDemoUITests */,
			);
		};
/* End PBXProject section */

/* Begin PBXResourcesBuildPhase section */
		E1E5940F247F022A0095143E /* Resources */ = {
			isa = PBXResourcesBuildPhase;
			buildActionMask = 2147483647;
			files = (
				E1FF4B2C24882DF900FF2FD2 /* movies.json in Resources */,
				E1FF4AFE2487003300FF2FD2 /* Lato-Bold.ttf in Resources */,
				E1E594A8248051AB0095143E /* Movies.storyboard in Resources */,
				E1E59421247F022B0095143E /* LaunchScreen.storyboard in Resources */,
				E1E5941E247F022B0095143E /* Assets.xcassets in Resources */,
				E1FF4B002487003300FF2FD2 /* Lato-Regular.ttf in Resources */,
				E1E5949B24804E740095143E /* Root.storyboard in Resources */,
				E1E594AF2480536F0095143E /* Favorites.storyboard in Resources */,
				E1FF4AFF2487003300FF2FD2 /* Lato-Light.ttf in Resources */,
			);
			runOnlyForDeploymentPostprocessing = 0;
		};
		E1E59425247F022B0095143E /* Resources */ = {
			isa = PBXResourcesBuildPhase;
			buildActionMask = 2147483647;
			files = (
			);
			runOnlyForDeploymentPostprocessing = 0;
		};
		E1E59430247F022B0095143E /* Resources */ = {
			isa = PBXResourcesBuildPhase;
			buildActionMask = 2147483647;
			files = (
			);
			runOnlyForDeploymentPostprocessing = 0;
		};
/* End PBXResourcesBuildPhase section */

/* Begin PBXShellScriptBuildPhase section */
		387A056193588BB4887F820E /* [CP] Check Pods Manifest.lock */ = {
			isa = PBXShellScriptBuildPhase;
			buildActionMask = 2147483647;
			files = (
			);
			inputFileListPaths = (
			);
			inputPaths = (
				"${PODS_PODFILE_DIR_PATH}/Podfile.lock",
				"${PODS_ROOT}/Manifest.lock",
			);
			name = "[CP] Check Pods Manifest.lock";
			outputFileListPaths = (
			);
			outputPaths = (
				"$(DERIVED_FILE_DIR)/Pods-CococastsDemoTests-checkManifestLockResult.txt",
			);
			runOnlyForDeploymentPostprocessing = 0;
			shellPath = /bin/sh;
			shellScript = "diff \"${PODS_PODFILE_DIR_PATH}/Podfile.lock\" \"${PODS_ROOT}/Manifest.lock\" > /dev/null\nif [ $? != 0 ] ; then\n    # print error to STDERR\n    echo \"error: The sandbox is not in sync with the Podfile.lock. Run 'pod install' or update your CocoaPods installation.\" >&2\n    exit 1\nfi\n# This output is used by Xcode 'outputs' to avoid re-running this script phase.\necho \"SUCCESS\" > \"${SCRIPT_OUTPUT_FILE_0}\"\n";
			showEnvVarsInLog = 0;
		};
		605438292B355C549DB6887C /* [CP] Check Pods Manifest.lock */ = {
			isa = PBXShellScriptBuildPhase;
			buildActionMask = 2147483647;
			files = (
			);
			inputFileListPaths = (
			);
			inputPaths = (
				"${PODS_PODFILE_DIR_PATH}/Podfile.lock",
				"${PODS_ROOT}/Manifest.lock",
			);
			name = "[CP] Check Pods Manifest.lock";
			outputFileListPaths = (
			);
			outputPaths = (
				"$(DERIVED_FILE_DIR)/Pods-CococastsDemo-checkManifestLockResult.txt",
			);
			runOnlyForDeploymentPostprocessing = 0;
			shellPath = /bin/sh;
			shellScript = "diff \"${PODS_PODFILE_DIR_PATH}/Podfile.lock\" \"${PODS_ROOT}/Manifest.lock\" > /dev/null\nif [ $? != 0 ] ; then\n    # print error to STDERR\n    echo \"error: The sandbox is not in sync with the Podfile.lock. Run 'pod install' or update your CocoaPods installation.\" >&2\n    exit 1\nfi\n# This output is used by Xcode 'outputs' to avoid re-running this script phase.\necho \"SUCCESS\" > \"${SCRIPT_OUTPUT_FILE_0}\"\n";
			showEnvVarsInLog = 0;
		};
		949EB71E6270A2615AF96C59 /* [CP] Check Pods Manifest.lock */ = {
			isa = PBXShellScriptBuildPhase;
			buildActionMask = 2147483647;
			files = (
			);
			inputFileListPaths = (
			);
			inputPaths = (
				"${PODS_PODFILE_DIR_PATH}/Podfile.lock",
				"${PODS_ROOT}/Manifest.lock",
			);
			name = "[CP] Check Pods Manifest.lock";
			outputFileListPaths = (
			);
			outputPaths = (
				"$(DERIVED_FILE_DIR)/Pods-CococastsDemo-CococastsDemoUITests-checkManifestLockResult.txt",
			);
			runOnlyForDeploymentPostprocessing = 0;
			shellPath = /bin/sh;
			shellScript = "diff \"${PODS_PODFILE_DIR_PATH}/Podfile.lock\" \"${PODS_ROOT}/Manifest.lock\" > /dev/null\nif [ $? != 0 ] ; then\n    # print error to STDERR\n    echo \"error: The sandbox is not in sync with the Podfile.lock. Run 'pod install' or update your CocoaPods installation.\" >&2\n    exit 1\nfi\n# This output is used by Xcode 'outputs' to avoid re-running this script phase.\necho \"SUCCESS\" > \"${SCRIPT_OUTPUT_FILE_0}\"\n";
			showEnvVarsInLog = 0;
		};
		BDF15D8CC50191860054B1EF /* [CP] Embed Pods Frameworks */ = {
			isa = PBXShellScriptBuildPhase;
			buildActionMask = 2147483647;
			files = (
			);
			inputFileListPaths = (
				"${PODS_ROOT}/Target Support Files/Pods-CococastsDemo/Pods-CococastsDemo-frameworks-${CONFIGURATION}-input-files.xcfilelist",
			);
			name = "[CP] Embed Pods Frameworks";
			outputFileListPaths = (
				"${PODS_ROOT}/Target Support Files/Pods-CococastsDemo/Pods-CococastsDemo-frameworks-${CONFIGURATION}-output-files.xcfilelist",
			);
			runOnlyForDeploymentPostprocessing = 0;
			shellPath = /bin/sh;
			shellScript = "\"${PODS_ROOT}/Target Support Files/Pods-CococastsDemo/Pods-CococastsDemo-frameworks.sh\"\n";
			showEnvVarsInLog = 0;
		};
		DB1931790D0CC04F92BD23E6 /* [CP] Embed Pods Frameworks */ = {
			isa = PBXShellScriptBuildPhase;
			buildActionMask = 2147483647;
			files = (
			);
			inputFileListPaths = (
				"${PODS_ROOT}/Target Support Files/Pods-CococastsDemo-CococastsDemoUITests/Pods-CococastsDemo-CococastsDemoUITests-frameworks-${CONFIGURATION}-input-files.xcfilelist",
			);
			name = "[CP] Embed Pods Frameworks";
			outputFileListPaths = (
				"${PODS_ROOT}/Target Support Files/Pods-CococastsDemo-CococastsDemoUITests/Pods-CococastsDemo-CococastsDemoUITests-frameworks-${CONFIGURATION}-output-files.xcfilelist",
			);
			runOnlyForDeploymentPostprocessing = 0;
			shellPath = /bin/sh;
			shellScript = "\"${PODS_ROOT}/Target Support Files/Pods-CococastsDemo-CococastsDemoUITests/Pods-CococastsDemo-CococastsDemoUITests-frameworks.sh\"\n";
			showEnvVarsInLog = 0;
		};
/* End PBXShellScriptBuildPhase section */

/* Begin PBXSourcesBuildPhase section */
		E1E5940D247F022A0095143E /* Sources */ = {
			isa = PBXSourcesBuildPhase;
			buildActionMask = 2147483647;
			files = (
				E1E594D52481694A0095143E /* FavoritesCoordinator.swift in Sources */,
				E1FF4AF92486FC8B00FF2FD2 /* UIColor+Design.swift in Sources */,
				E1FF4AE02485B03700FF2FD2 /* ReusableView.swift in Sources */,
				E1FF4AC824856E9800FF2FD2 /* FlickNiteAPIClient.swift in Sources */,
				E1E594C32481572F0095143E /* Coordinator.swift in Sources */,
				E1E59415247F022A0095143E /* AppDelegate.swift in Sources */,
				E1E594CD24815C5F0095143E /* AppCoordinator.swift in Sources */,
				E1FF4B192488026100FF2FD2 /* APIEndpoint.swift in Sources */,
				E147F51224901A610034DC77 /* APIComponents.swift in Sources */,
				E1E594BA2480A6CE0095143E /* Logger.swift in Sources */,
				E1E594AD248053630095143E /* FavoritesViewController.swift in Sources */,
				E1E594BE2480AB1A0095143E /* LogFormatter.swift in Sources */,
				E1FF4AE72485B74800FF2FD2 /* UICollectionViewCell+Helpers.swift in Sources */,
				E1F0A60C24A11F4C005F9AAD /* WebViewController.swift in Sources */,
				E1FF4B15248801CA00FF2FD2 /* APIError.swift in Sources */,
				E1FF4B2624882B8400FF2FD2 /* APIClient.swift in Sources */,
				E1F0A60E24A246C9005F9AAD /* Video.swift in Sources */,
				E147F53124928EB40034DC77 /* MovieViewModel.swift in Sources */,
				E1E59417247F022A0095143E /* SceneDelegate.swift in Sources */,
				E1E594D3248168710095143E /* MoviesCoordinator.swift in Sources */,
				E1FF4B2924882D4100FF2FD2 /* MockClient.swift in Sources */,
				E1E594A6248050E00095143E /* MoviesCollectionViewController.swift in Sources */,
				E1FF4AE52485B1BB00FF2FD2 /* UICollectionView+Helpers.swift in Sources */,
				E1FF4AC5248565F700FF2FD2 /* Movie.swift in Sources */,
				E1FF4AF32486A21500FF2FD2 /* MoviePresentable.swift in Sources */,
				E147F524249148360034DC77 /* MovieDetailViewController.swift in Sources */,
				E1E594C9248158420095143E /* Storyboardable.swift in Sources */,
				E1FF4B0424870B2200FF2FD2 /* Typography.swift in Sources */,
				E1E5949D24804E980095143E /* RootViewController.swift in Sources */,
				E1FF4ACB2485906700FF2FD2 /* MoviesViewModel.swift in Sources */,
				E1FF4ADD2485AE1F00FF2FD2 /* MoviesCollectionViewCell.swift in Sources */,
			);
			runOnlyForDeploymentPostprocessing = 0;
		};
		E1E59423247F022B0095143E /* Sources */ = {
			isa = PBXSourcesBuildPhase;
			buildActionMask = 2147483647;
			files = (
			);
			runOnlyForDeploymentPostprocessing = 0;
		};
		E1E5942E247F022B0095143E /* Sources */ = {
			isa = PBXSourcesBuildPhase;
			buildActionMask = 2147483647;
			files = (
			);
			runOnlyForDeploymentPostprocessing = 0;
		};
/* End PBXSourcesBuildPhase section */

/* Begin PBXTargetDependency section */
		E1E59429247F022B0095143E /* PBXTargetDependency */ = {
			isa = PBXTargetDependency;
			target = E1E59410247F022A0095143E /* CococastsDemo */;
			targetProxy = E1E59428247F022B0095143E /* PBXContainerItemProxy */;
		};
		E1E59434247F022B0095143E /* PBXTargetDependency */ = {
			isa = PBXTargetDependency;
			target = E1E59410247F022A0095143E /* CococastsDemo */;
			targetProxy = E1E59433247F022B0095143E /* PBXContainerItemProxy */;
		};
/* End PBXTargetDependency section */

/* Begin PBXVariantGroup section */
		E1E5941F247F022B0095143E /* LaunchScreen.storyboard */ = {
			isa = PBXVariantGroup;
			children = (
				E1E59420247F022B0095143E /* Base */,
			);
			name = LaunchScreen.storyboard;
			sourceTree = "<group>";
		};
/* End PBXVariantGroup section */

/* Begin XCBuildConfiguration section */
		E1E59439247F022B0095143E /* Debug */ = {
			isa = XCBuildConfiguration;
			buildSettings = {
				ALWAYS_SEARCH_USER_PATHS = NO;
				CLANG_ANALYZER_NONNULL = YES;
				CLANG_ANALYZER_NUMBER_OBJECT_CONVERSION = YES_AGGRESSIVE;
				CLANG_CXX_LANGUAGE_STANDARD = "gnu++14";
				CLANG_CXX_LIBRARY = "libc++";
				CLANG_ENABLE_MODULES = YES;
				CLANG_ENABLE_OBJC_ARC = YES;
				CLANG_ENABLE_OBJC_WEAK = YES;
				CLANG_WARN_BLOCK_CAPTURE_AUTORELEASING = YES;
				CLANG_WARN_BOOL_CONVERSION = YES;
				CLANG_WARN_COMMA = YES;
				CLANG_WARN_CONSTANT_CONVERSION = YES;
				CLANG_WARN_DEPRECATED_OBJC_IMPLEMENTATIONS = YES;
				CLANG_WARN_DIRECT_OBJC_ISA_USAGE = YES_ERROR;
				CLANG_WARN_DOCUMENTATION_COMMENTS = YES;
				CLANG_WARN_EMPTY_BODY = YES;
				CLANG_WARN_ENUM_CONVERSION = YES;
				CLANG_WARN_INFINITE_RECURSION = YES;
				CLANG_WARN_INT_CONVERSION = YES;
				CLANG_WARN_NON_LITERAL_NULL_CONVERSION = YES;
				CLANG_WARN_OBJC_IMPLICIT_RETAIN_SELF = YES;
				CLANG_WARN_OBJC_LITERAL_CONVERSION = YES;
				CLANG_WARN_OBJC_ROOT_CLASS = YES_ERROR;
				CLANG_WARN_RANGE_LOOP_ANALYSIS = YES;
				CLANG_WARN_STRICT_PROTOTYPES = YES;
				CLANG_WARN_SUSPICIOUS_MOVE = YES;
				CLANG_WARN_UNGUARDED_AVAILABILITY = YES_AGGRESSIVE;
				CLANG_WARN_UNREACHABLE_CODE = YES;
				CLANG_WARN__DUPLICATE_METHOD_MATCH = YES;
				COPY_PHASE_STRIP = NO;
				DEBUG_INFORMATION_FORMAT = dwarf;
				ENABLE_STRICT_OBJC_MSGSEND = YES;
				ENABLE_TESTABILITY = YES;
				GCC_C_LANGUAGE_STANDARD = gnu11;
				GCC_DYNAMIC_NO_PIC = NO;
				GCC_NO_COMMON_BLOCKS = YES;
				GCC_OPTIMIZATION_LEVEL = 0;
				GCC_PREPROCESSOR_DEFINITIONS = (
					"DEBUG=1",
					"$(inherited)",
				);
				GCC_WARN_64_TO_32_BIT_CONVERSION = YES;
				GCC_WARN_ABOUT_RETURN_TYPE = YES_ERROR;
				GCC_WARN_UNDECLARED_SELECTOR = YES;
				GCC_WARN_UNINITIALIZED_AUTOS = YES_AGGRESSIVE;
				GCC_WARN_UNUSED_FUNCTION = YES;
				GCC_WARN_UNUSED_VARIABLE = YES;
				IPHONEOS_DEPLOYMENT_TARGET = 13.4;
				MTL_ENABLE_DEBUG_INFO = INCLUDE_SOURCE;
				MTL_FAST_MATH = YES;
				ONLY_ACTIVE_ARCH = YES;
				SDKROOT = iphoneos;
				SWIFT_ACTIVE_COMPILATION_CONDITIONS = DEBUG;
				SWIFT_OPTIMIZATION_LEVEL = "-Onone";
			};
			name = Debug;
		};
		E1E5943A247F022B0095143E /* Release */ = {
			isa = XCBuildConfiguration;
			buildSettings = {
				ALWAYS_SEARCH_USER_PATHS = NO;
				CLANG_ANALYZER_NONNULL = YES;
				CLANG_ANALYZER_NUMBER_OBJECT_CONVERSION = YES_AGGRESSIVE;
				CLANG_CXX_LANGUAGE_STANDARD = "gnu++14";
				CLANG_CXX_LIBRARY = "libc++";
				CLANG_ENABLE_MODULES = YES;
				CLANG_ENABLE_OBJC_ARC = YES;
				CLANG_ENABLE_OBJC_WEAK = YES;
				CLANG_WARN_BLOCK_CAPTURE_AUTORELEASING = YES;
				CLANG_WARN_BOOL_CONVERSION = YES;
				CLANG_WARN_COMMA = YES;
				CLANG_WARN_CONSTANT_CONVERSION = YES;
				CLANG_WARN_DEPRECATED_OBJC_IMPLEMENTATIONS = YES;
				CLANG_WARN_DIRECT_OBJC_ISA_USAGE = YES_ERROR;
				CLANG_WARN_DOCUMENTATION_COMMENTS = YES;
				CLANG_WARN_EMPTY_BODY = YES;
				CLANG_WARN_ENUM_CONVERSION = YES;
				CLANG_WARN_INFINITE_RECURSION = YES;
				CLANG_WARN_INT_CONVERSION = YES;
				CLANG_WARN_NON_LITERAL_NULL_CONVERSION = YES;
				CLANG_WARN_OBJC_IMPLICIT_RETAIN_SELF = YES;
				CLANG_WARN_OBJC_LITERAL_CONVERSION = YES;
				CLANG_WARN_OBJC_ROOT_CLASS = YES_ERROR;
				CLANG_WARN_RANGE_LOOP_ANALYSIS = YES;
				CLANG_WARN_STRICT_PROTOTYPES = YES;
				CLANG_WARN_SUSPICIOUS_MOVE = YES;
				CLANG_WARN_UNGUARDED_AVAILABILITY = YES_AGGRESSIVE;
				CLANG_WARN_UNREACHABLE_CODE = YES;
				CLANG_WARN__DUPLICATE_METHOD_MATCH = YES;
				COPY_PHASE_STRIP = NO;
				DEBUG_INFORMATION_FORMAT = "dwarf-with-dsym";
				ENABLE_NS_ASSERTIONS = NO;
				ENABLE_STRICT_OBJC_MSGSEND = YES;
				GCC_C_LANGUAGE_STANDARD = gnu11;
				GCC_NO_COMMON_BLOCKS = YES;
				GCC_WARN_64_TO_32_BIT_CONVERSION = YES;
				GCC_WARN_ABOUT_RETURN_TYPE = YES_ERROR;
				GCC_WARN_UNDECLARED_SELECTOR = YES;
				GCC_WARN_UNINITIALIZED_AUTOS = YES_AGGRESSIVE;
				GCC_WARN_UNUSED_FUNCTION = YES;
				GCC_WARN_UNUSED_VARIABLE = YES;
				IPHONEOS_DEPLOYMENT_TARGET = 13.4;
				MTL_ENABLE_DEBUG_INFO = NO;
				MTL_FAST_MATH = YES;
				SDKROOT = iphoneos;
				SWIFT_COMPILATION_MODE = wholemodule;
				SWIFT_OPTIMIZATION_LEVEL = "-O";
				VALIDATE_PRODUCT = YES;
			};
			name = Release;
		};
		E1E5943C247F022B0095143E /* Debug */ = {
			isa = XCBuildConfiguration;
			baseConfigurationReference = FDAED6A49B28F19CA973BBA8 /* Pods-CococastsDemo.debug.xcconfig */;
			buildSettings = {
				ASSETCATALOG_COMPILER_APPICON_NAME = AppIcon;
				CODE_SIGN_STYLE = Automatic;
				DEVELOPMENT_TEAM = B426D3XC5Q;
				INFOPLIST_FILE = "/Users/dennisvera/Development/Cocoacasts/CococastsDemo/CococastsDemo/Supporting Files/Info.plist";
				LD_RUNPATH_SEARCH_PATHS = (
					"$(inherited)",
					"@executable_path/Frameworks",
				);
				PRODUCT_BUNDLE_IDENTIFIER = com.CococastsDemo.CococastsDemo;
				PRODUCT_NAME = "$(TARGET_NAME)";
				SWIFT_VERSION = 5.0;
				TARGETED_DEVICE_FAMILY = "1,2";
			};
			name = Debug;
		};
		E1E5943D247F022B0095143E /* Release */ = {
			isa = XCBuildConfiguration;
			baseConfigurationReference = 3F38543A2992B709519B0E18 /* Pods-CococastsDemo.release.xcconfig */;
			buildSettings = {
				ASSETCATALOG_COMPILER_APPICON_NAME = AppIcon;
				CODE_SIGN_STYLE = Automatic;
				DEVELOPMENT_TEAM = B426D3XC5Q;
				INFOPLIST_FILE = "/Users/dennisvera/Development/Cocoacasts/CococastsDemo/CococastsDemo/Supporting Files/Info.plist";
				LD_RUNPATH_SEARCH_PATHS = (
					"$(inherited)",
					"@executable_path/Frameworks",
				);
				PRODUCT_BUNDLE_IDENTIFIER = com.CococastsDemo.CococastsDemo;
				PRODUCT_NAME = "$(TARGET_NAME)";
				SWIFT_VERSION = 5.0;
				TARGETED_DEVICE_FAMILY = "1,2";
			};
			name = Release;
		};
		E1E5943F247F022B0095143E /* Debug */ = {
			isa = XCBuildConfiguration;
			baseConfigurationReference = DDDC51CF68574C3A6D6E440F /* Pods-CococastsDemoTests.debug.xcconfig */;
			buildSettings = {
				ALWAYS_EMBED_SWIFT_STANDARD_LIBRARIES = YES;
				BUNDLE_LOADER = "$(TEST_HOST)";
				CODE_SIGN_STYLE = Automatic;
				DEVELOPMENT_TEAM = B426D3XC5Q;
				INFOPLIST_FILE = CococastsDemoTests/Info.plist;
				IPHONEOS_DEPLOYMENT_TARGET = 13.4;
				LD_RUNPATH_SEARCH_PATHS = (
					"$(inherited)",
					"@executable_path/Frameworks",
					"@loader_path/Frameworks",
				);
				PRODUCT_BUNDLE_IDENTIFIER = com.CococastsDemo.CococastsDemoTests;
				PRODUCT_NAME = "$(TARGET_NAME)";
				SWIFT_VERSION = 5.0;
				TARGETED_DEVICE_FAMILY = "1,2";
				TEST_HOST = "$(BUILT_PRODUCTS_DIR)/CococastsDemo.app/CococastsDemo";
			};
			name = Debug;
		};
		E1E59440247F022B0095143E /* Release */ = {
			isa = XCBuildConfiguration;
			baseConfigurationReference = 5DBF6CEB916ABE4FCD44ED68 /* Pods-CococastsDemoTests.release.xcconfig */;
			buildSettings = {
				ALWAYS_EMBED_SWIFT_STANDARD_LIBRARIES = YES;
				BUNDLE_LOADER = "$(TEST_HOST)";
				CODE_SIGN_STYLE = Automatic;
				DEVELOPMENT_TEAM = B426D3XC5Q;
				INFOPLIST_FILE = CococastsDemoTests/Info.plist;
				IPHONEOS_DEPLOYMENT_TARGET = 13.4;
				LD_RUNPATH_SEARCH_PATHS = (
					"$(inherited)",
					"@executable_path/Frameworks",
					"@loader_path/Frameworks",
				);
				PRODUCT_BUNDLE_IDENTIFIER = com.CococastsDemo.CococastsDemoTests;
				PRODUCT_NAME = "$(TARGET_NAME)";
				SWIFT_VERSION = 5.0;
				TARGETED_DEVICE_FAMILY = "1,2";
				TEST_HOST = "$(BUILT_PRODUCTS_DIR)/CococastsDemo.app/CococastsDemo";
			};
			name = Release;
		};
		E1E59442247F022B0095143E /* Debug */ = {
			isa = XCBuildConfiguration;
			baseConfigurationReference = AE92322144B18D91E1E0D629 /* Pods-CococastsDemo-CococastsDemoUITests.debug.xcconfig */;
			buildSettings = {
				ALWAYS_EMBED_SWIFT_STANDARD_LIBRARIES = YES;
				CODE_SIGN_STYLE = Automatic;
				DEVELOPMENT_TEAM = B426D3XC5Q;
				INFOPLIST_FILE = CococastsDemoUITests/Info.plist;
				LD_RUNPATH_SEARCH_PATHS = (
					"$(inherited)",
					"@executable_path/Frameworks",
					"@loader_path/Frameworks",
				);
				PRODUCT_BUNDLE_IDENTIFIER = com.CococastsDemo.CococastsDemoUITests;
				PRODUCT_NAME = "$(TARGET_NAME)";
				SWIFT_VERSION = 5.0;
				TARGETED_DEVICE_FAMILY = "1,2";
				TEST_TARGET_NAME = CococastsDemo;
			};
			name = Debug;
		};
		E1E59443247F022B0095143E /* Release */ = {
			isa = XCBuildConfiguration;
			baseConfigurationReference = 7BA79EC27E91A902EDFE98E8 /* Pods-CococastsDemo-CococastsDemoUITests.release.xcconfig */;
			buildSettings = {
				ALWAYS_EMBED_SWIFT_STANDARD_LIBRARIES = YES;
				CODE_SIGN_STYLE = Automatic;
				DEVELOPMENT_TEAM = B426D3XC5Q;
				INFOPLIST_FILE = CococastsDemoUITests/Info.plist;
				LD_RUNPATH_SEARCH_PATHS = (
					"$(inherited)",
					"@executable_path/Frameworks",
					"@loader_path/Frameworks",
				);
				PRODUCT_BUNDLE_IDENTIFIER = com.CococastsDemo.CococastsDemoUITests;
				PRODUCT_NAME = "$(TARGET_NAME)";
				SWIFT_VERSION = 5.0;
				TARGETED_DEVICE_FAMILY = "1,2";
				TEST_TARGET_NAME = CococastsDemo;
			};
			name = Release;
		};
/* End XCBuildConfiguration section */

/* Begin XCConfigurationList section */
		E1E5940C247F022A0095143E /* Build configuration list for PBXProject "CococastsDemo" */ = {
			isa = XCConfigurationList;
			buildConfigurations = (
				E1E59439247F022B0095143E /* Debug */,
				E1E5943A247F022B0095143E /* Release */,
			);
			defaultConfigurationIsVisible = 0;
			defaultConfigurationName = Release;
		};
		E1E5943B247F022B0095143E /* Build configuration list for PBXNativeTarget "CococastsDemo" */ = {
			isa = XCConfigurationList;
			buildConfigurations = (
				E1E5943C247F022B0095143E /* Debug */,
				E1E5943D247F022B0095143E /* Release */,
			);
			defaultConfigurationIsVisible = 0;
			defaultConfigurationName = Release;
		};
		E1E5943E247F022B0095143E /* Build configuration list for PBXNativeTarget "CococastsDemoTests" */ = {
			isa = XCConfigurationList;
			buildConfigurations = (
				E1E5943F247F022B0095143E /* Debug */,
				E1E59440247F022B0095143E /* Release */,
			);
			defaultConfigurationIsVisible = 0;
			defaultConfigurationName = Release;
		};
		E1E59441247F022B0095143E /* Build configuration list for PBXNativeTarget "CococastsDemoUITests" */ = {
			isa = XCConfigurationList;
			buildConfigurations = (
				E1E59442247F022B0095143E /* Debug */,
				E1E59443247F022B0095143E /* Release */,
			);
			defaultConfigurationIsVisible = 0;
			defaultConfigurationName = Release;
		};
/* End XCConfigurationList section */
	};
	rootObject = E1E59409247F02290095143E /* Project object */;
}
